// !$*UTF8*$!
{
	archiveVersion = 1;
	classes = {
	};
	objectVersion = 48;
	objects = {

/* Begin PBXBuildFile section */
		2B0386EF1FEDD60600D9DC26 /* NearMeViewController.swift in Sources */ = {isa = PBXBuildFile; fileRef = 2B0386EE1FEDD60600D9DC26 /* NearMeViewController.swift */; };
		2B0386F11FEDD69200D9DC26 /* CoreLocation.framework in Frameworks */ = {isa = PBXBuildFile; fileRef = 2B0386F01FEDD69200D9DC26 /* CoreLocation.framework */; };
		2B0B4E9C201409860086BA20 /* MapPin.swift in Sources */ = {isa = PBXBuildFile; fileRef = 2B0B4E9B201409860086BA20 /* MapPin.swift */; };
		2B3783941FD1D2590056E21E /* SignUpViewController.swift in Sources */ = {isa = PBXBuildFile; fileRef = 2B3783931FD1D2590056E21E /* SignUpViewController.swift */; };
		2B4A39531FA81CBE00EE09D3 /* RequestTableViewController.swift in Sources */ = {isa = PBXBuildFile; fileRef = 2B4A39521FA81CBE00EE09D3 /* RequestTableViewController.swift */; };
		2B4A39551FA81D4800EE09D3 /* Requests.swift in Sources */ = {isa = PBXBuildFile; fileRef = 2B4A39541FA81D4800EE09D3 /* Requests.swift */; };
		2B5AD3421FC361C800588BE1 /* RequestExpandedViewController.swift in Sources */ = {isa = PBXBuildFile; fileRef = 2B5AD3411FC361C800588BE1 /* RequestExpandedViewController.swift */; };
		2B5AD3461FC365DE00588BE1 /* User.swift in Sources */ = {isa = PBXBuildFile; fileRef = 2B5AD3451FC365DE00588BE1 /* User.swift */; };
		2B8248731FBBAADD00360E1B /* LoginViewController.swift in Sources */ = {isa = PBXBuildFile; fileRef = 2B8248721FBBAADD00360E1B /* LoginViewController.swift */; };
		2B9B8B931FA55F250078F41F /* RequestTableViewCell.swift in Sources */ = {isa = PBXBuildFile; fileRef = 2B9B8B921FA55F250078F41F /* RequestTableViewCell.swift */; };
		2BA08F9B202E1E4F000111DA /* Crashlytics.framework in Frameworks */ = {isa = PBXBuildFile; fileRef = 2BA08F9A202E1E4F000111DA /* Crashlytics.framework */; };
		2BA08F9D202E1E56000111DA /* Fabric.framework in Frameworks */ = {isa = PBXBuildFile; fileRef = 2BA08F9C202E1E55000111DA /* Fabric.framework */; };
		2BA08FA0202E2050000111DA /* GoogleService-Info.plist in Resources */ = {isa = PBXBuildFile; fileRef = 2BA08F9F202E204F000111DA /* GoogleService-Info.plist */; };
		2BB0C9B61FCFC9F30093FA74 /* SettingsViewController.swift in Sources */ = {isa = PBXBuildFile; fileRef = 2BB0C9B51FCFC9F30093FA74 /* SettingsViewController.swift */; };
		2BCC62451F95A26C003DFE7B /* AppDelegate.swift in Sources */ = {isa = PBXBuildFile; fileRef = 2BCC62441F95A26C003DFE7B /* AppDelegate.swift */; };
		2BCC62471F95A26D003DFE7B /* AddRequestViewController.swift in Sources */ = {isa = PBXBuildFile; fileRef = 2BCC62461F95A26C003DFE7B /* AddRequestViewController.swift */; };
		2BCC624A1F95A26D003DFE7B /* Main.storyboard in Resources */ = {isa = PBXBuildFile; fileRef = 2BCC62481F95A26D003DFE7B /* Main.storyboard */; };
		2BCC624C1F95A26D003DFE7B /* Assets.xcassets in Resources */ = {isa = PBXBuildFile; fileRef = 2BCC624B1F95A26D003DFE7B /* Assets.xcassets */; };
		2BCC624F1F95A26D003DFE7B /* LaunchScreen.storyboard in Resources */ = {isa = PBXBuildFile; fileRef = 2BCC624D1F95A26D003DFE7B /* LaunchScreen.storyboard */; };
		2BDF104F1FD1FE0000B17722 /* UsersWithStatus.swift in Sources */ = {isa = PBXBuildFile; fileRef = 2BDF104E1FD1FE0000B17722 /* UsersWithStatus.swift */; };
		5A8AFEE03C4B0C30C66CAF38 /* Pods_DoNation.framework in Frameworks */ = {isa = PBXBuildFile; fileRef = 93E5BD39C8BFBF0FFD868416 /* Pods_DoNation.framework */; };
/* End PBXBuildFile section */

/* Begin PBXFileReference section */
		12DC0D7A23A91143F51A4BDD /* Pods-DoNation.release.xcconfig */ = {isa = PBXFileReference; includeInIndex = 1; lastKnownFileType = text.xcconfig; name = "Pods-DoNation.release.xcconfig"; path = "Pods/Target Support Files/Pods-DoNation/Pods-DoNation.release.xcconfig"; sourceTree = "<group>"; };
		2B0386EE1FEDD60600D9DC26 /* NearMeViewController.swift */ = {isa = PBXFileReference; lastKnownFileType = sourcecode.swift; path = NearMeViewController.swift; sourceTree = "<group>"; };
		2B0386F01FEDD69200D9DC26 /* CoreLocation.framework */ = {isa = PBXFileReference; lastKnownFileType = wrapper.framework; name = CoreLocation.framework; path = System/Library/Frameworks/CoreLocation.framework; sourceTree = SDKROOT; };
		2B0B4E9B201409860086BA20 /* MapPin.swift */ = {isa = PBXFileReference; lastKnownFileType = sourcecode.swift; path = MapPin.swift; sourceTree = "<group>"; };
		2B3783931FD1D2590056E21E /* SignUpViewController.swift */ = {isa = PBXFileReference; lastKnownFileType = sourcecode.swift; path = SignUpViewController.swift; sourceTree = "<group>"; };
		2B4A39521FA81CBE00EE09D3 /* RequestTableViewController.swift */ = {isa = PBXFileReference; lastKnownFileType = sourcecode.swift; path = RequestTableViewController.swift; sourceTree = "<group>"; };
		2B4A39541FA81D4800EE09D3 /* Requests.swift */ = {isa = PBXFileReference; lastKnownFileType = sourcecode.swift; path = Requests.swift; sourceTree = "<group>"; };
		2B5AD3411FC361C800588BE1 /* RequestExpandedViewController.swift */ = {isa = PBXFileReference; lastKnownFileType = sourcecode.swift; path = RequestExpandedViewController.swift; sourceTree = "<group>"; };
		2B5AD3451FC365DE00588BE1 /* User.swift */ = {isa = PBXFileReference; lastKnownFileType = sourcecode.swift; path = User.swift; sourceTree = "<group>"; };
		2B801A3A2028DF46006DA5C3 /* DoNation.entitlements */ = {isa = PBXFileReference; lastKnownFileType = text.plist.entitlements; path = DoNation.entitlements; sourceTree = "<group>"; };
		2B8248721FBBAADD00360E1B /* LoginViewController.swift */ = {isa = PBXFileReference; lastKnownFileType = sourcecode.swift; path = LoginViewController.swift; sourceTree = "<group>"; };
		2B9B8B921FA55F250078F41F /* RequestTableViewCell.swift */ = {isa = PBXFileReference; lastKnownFileType = sourcecode.swift; path = RequestTableViewCell.swift; sourceTree = "<group>"; };
		2BA08F9A202E1E4F000111DA /* Crashlytics.framework */ = {isa = PBXFileReference; lastKnownFileType = wrapper.framework; path = Crashlytics.framework; sourceTree = "<group>"; };
		2BA08F9C202E1E55000111DA /* Fabric.framework */ = {isa = PBXFileReference; lastKnownFileType = wrapper.framework; path = Fabric.framework; sourceTree = "<group>"; };
		2BA08F9F202E204F000111DA /* GoogleService-Info.plist */ = {isa = PBXFileReference; fileEncoding = 4; lastKnownFileType = text.plist.xml; path = "GoogleService-Info.plist"; sourceTree = "<group>"; };
		2BB0C9B51FCFC9F30093FA74 /* SettingsViewController.swift */ = {isa = PBXFileReference; lastKnownFileType = sourcecode.swift; path = SettingsViewController.swift; sourceTree = "<group>"; };
		2BCC62411F95A26C003DFE7B /* DoNation.app */ = {isa = PBXFileReference; explicitFileType = wrapper.application; includeInIndex = 0; path = DoNation.app; sourceTree = BUILT_PRODUCTS_DIR; };
		2BCC62441F95A26C003DFE7B /* AppDelegate.swift */ = {isa = PBXFileReference; lastKnownFileType = sourcecode.swift; path = AppDelegate.swift; sourceTree = "<group>"; };
		2BCC62461F95A26C003DFE7B /* AddRequestViewController.swift */ = {isa = PBXFileReference; lastKnownFileType = sourcecode.swift; path = AddRequestViewController.swift; sourceTree = "<group>"; };
		2BCC62491F95A26D003DFE7B /* Base */ = {isa = PBXFileReference; lastKnownFileType = file.storyboard; name = Base; path = Base.lproj/Main.storyboard; sourceTree = "<group>"; };
		2BCC624B1F95A26D003DFE7B /* Assets.xcassets */ = {isa = PBXFileReference; lastKnownFileType = folder.assetcatalog; path = Assets.xcassets; sourceTree = "<group>"; };
		2BCC624E1F95A26D003DFE7B /* Base */ = {isa = PBXFileReference; lastKnownFileType = file.storyboard; name = Base; path = Base.lproj/LaunchScreen.storyboard; sourceTree = "<group>"; };
		2BCC62501F95A26D003DFE7B /* Info.plist */ = {isa = PBXFileReference; lastKnownFileType = text.plist.xml; path = Info.plist; sourceTree = "<group>"; };
		2BDF104E1FD1FE0000B17722 /* UsersWithStatus.swift */ = {isa = PBXFileReference; lastKnownFileType = sourcecode.swift; path = UsersWithStatus.swift; sourceTree = "<group>"; };
		9213509EE2C8D059EC25328D /* Pods-DoNation.debug.xcconfig */ = {isa = PBXFileReference; includeInIndex = 1; lastKnownFileType = text.xcconfig; name = "Pods-DoNation.debug.xcconfig"; path = "Pods/Target Support Files/Pods-DoNation/Pods-DoNation.debug.xcconfig"; sourceTree = "<group>"; };
		93E5BD39C8BFBF0FFD868416 /* Pods_DoNation.framework */ = {isa = PBXFileReference; explicitFileType = wrapper.framework; includeInIndex = 0; path = Pods_DoNation.framework; sourceTree = BUILT_PRODUCTS_DIR; };
/* End PBXFileReference section */

/* Begin PBXFrameworksBuildPhase section */
		2BCC623E1F95A26C003DFE7B /* Frameworks */ = {
			isa = PBXFrameworksBuildPhase;
			buildActionMask = 2147483647;
			files = (
				2B0386F11FEDD69200D9DC26 /* CoreLocation.framework in Frameworks */,
				2BA08F9B202E1E4F000111DA /* Crashlytics.framework in Frameworks */,
				5A8AFEE03C4B0C30C66CAF38 /* Pods_DoNation.framework in Frameworks */,
				2BA08F9D202E1E56000111DA /* Fabric.framework in Frameworks */,
			);
			runOnlyForDeploymentPostprocessing = 0;
		};
/* End PBXFrameworksBuildPhase section */

/* Begin PBXGroup section */
		09483ED51907ADCFAD2A9C1D /* Pods */ = {
			isa = PBXGroup;
			children = (
				9213509EE2C8D059EC25328D /* Pods-DoNation.debug.xcconfig */,
				12DC0D7A23A91143F51A4BDD /* Pods-DoNation.release.xcconfig */,
			);
			name = Pods;
			sourceTree = "<group>";
		};
		2B5AD3471FC4E2DB00588BE1 /* ViewControllers */ = {
			isa = PBXGroup;
			children = (
				2BCC62461F95A26C003DFE7B /* AddRequestViewController.swift */,
				2B4A39521FA81CBE00EE09D3 /* RequestTableViewController.swift */,
				2B5AD3411FC361C800588BE1 /* RequestExpandedViewController.swift */,
				2B8248721FBBAADD00360E1B /* LoginViewController.swift */,
				2BB0C9B51FCFC9F30093FA74 /* SettingsViewController.swift */,
				2B3783931FD1D2590056E21E /* SignUpViewController.swift */,
				2B0386EE1FEDD60600D9DC26 /* NearMeViewController.swift */,
			);
			path = ViewControllers;
			sourceTree = "<group>";
		};
		2B5AD3481FC4E31100588BE1 /* Models */ = {
			isa = PBXGroup;
			children = (
				2B4A39541FA81D4800EE09D3 /* Requests.swift */,
				2BDF104E1FD1FE0000B17722 /* UsersWithStatus.swift */,
				2B9B8B921FA55F250078F41F /* RequestTableViewCell.swift */,
				2B5AD3451FC365DE00588BE1 /* User.swift */,
				2B0B4E9B201409860086BA20 /* MapPin.swift */,
			);
			name = Models;
			path = ..;
			sourceTree = "<group>";
		};
		2BCC62381F95A26C003DFE7B = {
			isa = PBXGroup;
			children = (
				2BCC62431F95A26C003DFE7B /* DoNation */,
				2BCC62421F95A26C003DFE7B /* Products */,
				09483ED51907ADCFAD2A9C1D /* Pods */,
				4435CB5095F4E9E5A2036734 /* Frameworks */,
			);
			sourceTree = "<group>";
		};
		2BCC62421F95A26C003DFE7B /* Products */ = {
			isa = PBXGroup;
			children = (
				2BCC62411F95A26C003DFE7B /* DoNation.app */,
			);
			name = Products;
			sourceTree = "<group>";
		};
		2BCC62431F95A26C003DFE7B /* DoNation */ = {
			isa = PBXGroup;
			children = (
				2B801A3A2028DF46006DA5C3 /* DoNation.entitlements */,
				2BCC62441F95A26C003DFE7B /* AppDelegate.swift */,
				2B5AD3471FC4E2DB00588BE1 /* ViewControllers */,
				2B5AD3481FC4E31100588BE1 /* Models */,
				2BCC62481F95A26D003DFE7B /* Main.storyboard */,
				2BCC624B1F95A26D003DFE7B /* Assets.xcassets */,
				2BCC624D1F95A26D003DFE7B /* LaunchScreen.storyboard */,
				2BCC62501F95A26D003DFE7B /* Info.plist */,
				2BA08F9F202E204F000111DA /* GoogleService-Info.plist */,
			);
			path = DoNation;
			sourceTree = "<group>";
		};
		4435CB5095F4E9E5A2036734 /* Frameworks */ = {
			isa = PBXGroup;
			children = (
				2BA08F9C202E1E55000111DA /* Fabric.framework */,
				2BA08F9A202E1E4F000111DA /* Crashlytics.framework */,
				2B0386F01FEDD69200D9DC26 /* CoreLocation.framework */,
				93E5BD39C8BFBF0FFD868416 /* Pods_DoNation.framework */,
			);
			name = Frameworks;
			sourceTree = "<group>";
		};
/* End PBXGroup section */

/* Begin PBXNativeTarget section */
		2BCC62401F95A26C003DFE7B /* DoNation */ = {
			isa = PBXNativeTarget;
			buildConfigurationList = 2BCC62531F95A26D003DFE7B /* Build configuration list for PBXNativeTarget "DoNation" */;
			buildPhases = (
				2931FD7AAEE840D0E34F5D89 /* [CP] Check Pods Manifest.lock */,
				2BCC623D1F95A26C003DFE7B /* Sources */,
				2BCC623E1F95A26C003DFE7B /* Frameworks */,
				2BCC623F1F95A26C003DFE7B /* Resources */,
				DBD69816473BDE91182DB3BD /* [CP] Embed Pods Frameworks */,
				205D4E4F1D5153F379F7FD40 /* [CP] Copy Pods Resources */,
				2BA08F9E202E1E81000111DA /* ShellScript */,
			);
			buildRules = (
			);
			dependencies = (
			);
			name = DoNation;
			productName = DoNation;
			productReference = 2BCC62411F95A26C003DFE7B /* DoNation.app */;
			productType = "com.apple.product-type.application";
		};
/* End PBXNativeTarget section */

/* Begin PBXProject section */
		2BCC62391F95A26C003DFE7B /* Project object */ = {
			isa = PBXProject;
			attributes = {
				LastSwiftUpdateCheck = 0900;
				LastUpgradeCheck = 0900;
				ORGANIZATIONNAME = "The Nueva Quest";
				TargetAttributes = {
					2BCC62401F95A26C003DFE7B = {
						CreatedOnToolsVersion = 9.0;
						ProvisioningStyle = Automatic;
						SystemCapabilities = {
							com.apple.Keychain = {
								enabled = 1;
							};
							com.apple.Push = {
								enabled = 1;
							};
						};
					};
				};
			};
			buildConfigurationList = 2BCC623C1F95A26C003DFE7B /* Build configuration list for PBXProject "DoNation" */;
			compatibilityVersion = "Xcode 8.0";
			developmentRegion = en;
			hasScannedForEncodings = 0;
			knownRegions = (
				en,
				Base,
			);
			mainGroup = 2BCC62381F95A26C003DFE7B;
			productRefGroup = 2BCC62421F95A26C003DFE7B /* Products */;
			projectDirPath = "";
			projectRoot = "";
			targets = (
				2BCC62401F95A26C003DFE7B /* DoNation */,
			);
		};
/* End PBXProject section */

/* Begin PBXResourcesBuildPhase section */
		2BCC623F1F95A26C003DFE7B /* Resources */ = {
			isa = PBXResourcesBuildPhase;
			buildActionMask = 2147483647;
			files = (
				2BCC624F1F95A26D003DFE7B /* LaunchScreen.storyboard in Resources */,
				2BA08FA0202E2050000111DA /* GoogleService-Info.plist in Resources */,
				2BCC624C1F95A26D003DFE7B /* Assets.xcassets in Resources */,
				2BCC624A1F95A26D003DFE7B /* Main.storyboard in Resources */,
			);
			runOnlyForDeploymentPostprocessing = 0;
		};
/* End PBXResourcesBuildPhase section */

/* Begin PBXShellScriptBuildPhase section */
		205D4E4F1D5153F379F7FD40 /* [CP] Copy Pods Resources */ = {
			isa = PBXShellScriptBuildPhase;
			buildActionMask = 2147483647;
			files = (
			);
			inputPaths = (
			);
			name = "[CP] Copy Pods Resources";
			outputPaths = (
			);
			runOnlyForDeploymentPostprocessing = 0;
			shellPath = /bin/sh;
			shellScript = "\"${SRCROOT}/Pods/Target Support Files/Pods-DoNation/Pods-DoNation-resources.sh\"\n";
			showEnvVarsInLog = 0;
		};
		2931FD7AAEE840D0E34F5D89 /* [CP] Check Pods Manifest.lock */ = {
			isa = PBXShellScriptBuildPhase;
			buildActionMask = 2147483647;
			files = (
			);
			inputPaths = (
				"${PODS_PODFILE_DIR_PATH}/Podfile.lock",
				"${PODS_ROOT}/Manifest.lock",
			);
			name = "[CP] Check Pods Manifest.lock";
			outputPaths = (
				"$(DERIVED_FILE_DIR)/Pods-DoNation-checkManifestLockResult.txt",
			);
			runOnlyForDeploymentPostprocessing = 0;
			shellPath = /bin/sh;
			shellScript = "diff \"${PODS_PODFILE_DIR_PATH}/Podfile.lock\" \"${PODS_ROOT}/Manifest.lock\" > /dev/null\nif [ $? != 0 ] ; then\n    # print error to STDERR\n    echo \"error: The sandbox is not in sync with the Podfile.lock. Run 'pod install' or update your CocoaPods installation.\" >&2\n    exit 1\nfi\n# This output is used by Xcode 'outputs' to avoid re-running this script phase.\necho \"SUCCESS\" > \"${SCRIPT_OUTPUT_FILE_0}\"\n";
			showEnvVarsInLog = 0;
		};
		2BA08F9E202E1E81000111DA /* ShellScript */ = {
			isa = PBXShellScriptBuildPhase;
			buildActionMask = 2147483647;
			files = (
			);
			inputPaths = (
			);
			outputPaths = (
			);
			runOnlyForDeploymentPostprocessing = 0;
			shellPath = /bin/sh;
			shellScript = "\"${PODS_ROOT}/Fabric/run\" d0d2dcd888ff12358bf894f1b6049016a14839ec a04e404d531e76da1bb774e36b4be4ff6c78102f1bcb1a55b6bc8203b9f76885";
		};
		DBD69816473BDE91182DB3BD /* [CP] Embed Pods Frameworks */ = {
			isa = PBXShellScriptBuildPhase;
			buildActionMask = 2147483647;
			files = (
			);
			inputPaths = (
				"${SRCROOT}/Pods/Target Support Files/Pods-DoNation/Pods-DoNation-frameworks.sh",
				"${BUILT_PRODUCTS_DIR}/GTMSessionFetcher/GTMSessionFetcher.framework",
				"${BUILT_PRODUCTS_DIR}/GoogleToolboxForMac/GoogleToolboxForMac.framework",
				"${BUILT_PRODUCTS_DIR}/leveldb-library/leveldb.framework",
				"${BUILT_PRODUCTS_DIR}/nanopb/nanopb.framework",
			);
			name = "[CP] Embed Pods Frameworks";
			outputPaths = (
				"${TARGET_BUILD_DIR}/${FRAMEWORKS_FOLDER_PATH}/GTMSessionFetcher.framework",
				"${TARGET_BUILD_DIR}/${FRAMEWORKS_FOLDER_PATH}/GoogleToolboxForMac.framework",
				"${TARGET_BUILD_DIR}/${FRAMEWORKS_FOLDER_PATH}/leveldb.framework",
				"${TARGET_BUILD_DIR}/${FRAMEWORKS_FOLDER_PATH}/nanopb.framework",
			);
			runOnlyForDeploymentPostprocessing = 0;
			shellPath = /bin/sh;
			shellScript = "\"${SRCROOT}/Pods/Target Support Files/Pods-DoNation/Pods-DoNation-frameworks.sh\"\n";
			showEnvVarsInLog = 0;
		};
/* End PBXShellScriptBuildPhase section */

/* Begin PBXSourcesBuildPhase section */
		2BCC623D1F95A26C003DFE7B /* Sources */ = {
			isa = PBXSourcesBuildPhase;
			buildActionMask = 2147483647;
			files = (
				2B8248731FBBAADD00360E1B /* LoginViewController.swift in Sources */,
				2BCC62471F95A26D003DFE7B /* AddRequestViewController.swift in Sources */,
				2B5AD3421FC361C800588BE1 /* RequestExpandedViewController.swift in Sources */,
				2BCC62451F95A26C003DFE7B /* AppDelegate.swift in Sources */,
				2B0386EF1FEDD60600D9DC26 /* NearMeViewController.swift in Sources */,
				2B3783941FD1D2590056E21E /* SignUpViewController.swift in Sources */,
				2BDF104F1FD1FE0000B17722 /* UsersWithStatus.swift in Sources */,
				2B5AD3461FC365DE00588BE1 /* User.swift in Sources */,
				2B4A39531FA81CBE00EE09D3 /* RequestTableViewController.swift in Sources */,
				2B4A39551FA81D4800EE09D3 /* Requests.swift in Sources */,
				2B9B8B931FA55F250078F41F /* RequestTableViewCell.swift in Sources */,
				2B0B4E9C201409860086BA20 /* MapPin.swift in Sources */,
				2BB0C9B61FCFC9F30093FA74 /* SettingsViewController.swift in Sources */,
			);
			runOnlyForDeploymentPostprocessing = 0;
		};
/* End PBXSourcesBuildPhase section */

/* Begin PBXVariantGroup section */
		2BCC62481F95A26D003DFE7B /* Main.storyboard */ = {
			isa = PBXVariantGroup;
			children = (
				2BCC62491F95A26D003DFE7B /* Base */,
			);
			name = Main.storyboard;
			sourceTree = "<group>";
		};
		2BCC624D1F95A26D003DFE7B /* LaunchScreen.storyboard */ = {
			isa = PBXVariantGroup;
			children = (
				2BCC624E1F95A26D003DFE7B /* Base */,
			);
			name = LaunchScreen.storyboard;
			sourceTree = "<group>";
		};
/* End PBXVariantGroup section */

/* Begin XCBuildConfiguration section */
		2BCC62511F95A26D003DFE7B /* Debug */ = {
			isa = XCBuildConfiguration;
			buildSettings = {
				ALWAYS_SEARCH_USER_PATHS = NO;
				CLANG_ANALYZER_NONNULL = YES;
				CLANG_ANALYZER_NUMBER_OBJECT_CONVERSION = YES_AGGRESSIVE;
				CLANG_CXX_LANGUAGE_STANDARD = "gnu++14";
				CLANG_CXX_LIBRARY = "libc++";
				CLANG_ENABLE_MODULES = YES;
				CLANG_ENABLE_OBJC_ARC = YES;
				CLANG_WARN_BLOCK_CAPTURE_AUTORELEASING = YES;
				CLANG_WARN_BOOL_CONVERSION = YES;
				CLANG_WARN_COMMA = YES;
				CLANG_WARN_CONSTANT_CONVERSION = YES;
				CLANG_WARN_DIRECT_OBJC_ISA_USAGE = YES_ERROR;
				CLANG_WARN_DOCUMENTATION_COMMENTS = YES;
				CLANG_WARN_EMPTY_BODY = YES;
				CLANG_WARN_ENUM_CONVERSION = YES;
				CLANG_WARN_INFINITE_RECURSION = YES;
				CLANG_WARN_INT_CONVERSION = YES;
				CLANG_WARN_NON_LITERAL_NULL_CONVERSION = YES;
				CLANG_WARN_OBJC_LITERAL_CONVERSION = YES;
				CLANG_WARN_OBJC_ROOT_CLASS = YES_ERROR;
				CLANG_WARN_RANGE_LOOP_ANALYSIS = YES;
				CLANG_WARN_STRICT_PROTOTYPES = YES;
				CLANG_WARN_SUSPICIOUS_MOVE = YES;
				CLANG_WARN_UNGUARDED_AVAILABILITY = YES_AGGRESSIVE;
				CLANG_WARN_UNREACHABLE_CODE = YES;
				CLANG_WARN__DUPLICATE_METHOD_MATCH = YES;
				CODE_SIGN_IDENTITY = "iPhone Developer";
				COPY_PHASE_STRIP = NO;
				DEBUG_INFORMATION_FORMAT = dwarf;
				ENABLE_STRICT_OBJC_MSGSEND = YES;
				ENABLE_TESTABILITY = YES;
				GCC_C_LANGUAGE_STANDARD = gnu11;
				GCC_DYNAMIC_NO_PIC = NO;
				GCC_NO_COMMON_BLOCKS = YES;
				GCC_OPTIMIZATION_LEVEL = 0;
				GCC_PREPROCESSOR_DEFINITIONS = (
					"DEBUG=1",
					"$(inherited)",
				);
				GCC_WARN_64_TO_32_BIT_CONVERSION = YES;
				GCC_WARN_ABOUT_RETURN_TYPE = YES_ERROR;
				GCC_WARN_UNDECLARED_SELECTOR = YES;
				GCC_WARN_UNINITIALIZED_AUTOS = YES_AGGRESSIVE;
				GCC_WARN_UNUSED_FUNCTION = YES;
				GCC_WARN_UNUSED_VARIABLE = YES;
				IPHONEOS_DEPLOYMENT_TARGET = 11.0;
				MTL_ENABLE_DEBUG_INFO = YES;
				ONLY_ACTIVE_ARCH = YES;
				SDKROOT = iphoneos;
				SWIFT_ACTIVE_COMPILATION_CONDITIONS = DEBUG;
				SWIFT_OPTIMIZATION_LEVEL = "-Onone";
			};
			name = Debug;
		};
		2BCC62521F95A26D003DFE7B /* Release */ = {
			isa = XCBuildConfiguration;
			buildSettings = {
				ALWAYS_SEARCH_USER_PATHS = NO;
				CLANG_ANALYZER_NONNULL = YES;
				CLANG_ANALYZER_NUMBER_OBJECT_CONVERSION = YES_AGGRESSIVE;
				CLANG_CXX_LANGUAGE_STANDARD = "gnu++14";
				CLANG_CXX_LIBRARY = "libc++";
				CLANG_ENABLE_MODULES = YES;
				CLANG_ENABLE_OBJC_ARC = YES;
				CLANG_WARN_BLOCK_CAPTURE_AUTORELEASING = YES;
				CLANG_WARN_BOOL_CONVERSION = YES;
				CLANG_WARN_COMMA = YES;
				CLANG_WARN_CONSTANT_CONVERSION = YES;
				CLANG_WARN_DIRECT_OBJC_ISA_USAGE = YES_ERROR;
				CLANG_WARN_DOCUMENTATION_COMMENTS = YES;
				CLANG_WARN_EMPTY_BODY = YES;
				CLANG_WARN_ENUM_CONVERSION = YES;
				CLANG_WARN_INFINITE_RECURSION = YES;
				CLANG_WARN_INT_CONVERSION = YES;
				CLANG_WARN_NON_LITERAL_NULL_CONVERSION = YES;
				CLANG_WARN_OBJC_LITERAL_CONVERSION = YES;
				CLANG_WARN_OBJC_ROOT_CLASS = YES_ERROR;
				CLANG_WARN_RANGE_LOOP_ANALYSIS = YES;
				CLANG_WARN_STRICT_PROTOTYPES = YES;
				CLANG_WARN_SUSPICIOUS_MOVE = YES;
				CLANG_WARN_UNGUARDED_AVAILABILITY = YES_AGGRESSIVE;
				CLANG_WARN_UNREACHABLE_CODE = YES;
				CLANG_WARN__DUPLICATE_METHOD_MATCH = YES;
				CODE_SIGN_IDENTITY = "iPhone Developer";
				COPY_PHASE_STRIP = NO;
				DEBUG_INFORMATION_FORMAT = "dwarf-with-dsym";
				ENABLE_NS_ASSERTIONS = NO;
				ENABLE_STRICT_OBJC_MSGSEND = YES;
				GCC_C_LANGUAGE_STANDARD = gnu11;
				GCC_NO_COMMON_BLOCKS = YES;
				GCC_WARN_64_TO_32_BIT_CONVERSION = YES;
				GCC_WARN_ABOUT_RETURN_TYPE = YES_ERROR;
				GCC_WARN_UNDECLARED_SELECTOR = YES;
				GCC_WARN_UNINITIALIZED_AUTOS = YES_AGGRESSIVE;
				GCC_WARN_UNUSED_FUNCTION = YES;
				GCC_WARN_UNUSED_VARIABLE = YES;
				IPHONEOS_DEPLOYMENT_TARGET = 11.0;
				MTL_ENABLE_DEBUG_INFO = NO;
				SDKROOT = iphoneos;
				SWIFT_OPTIMIZATION_LEVEL = "-Owholemodule";
				VALIDATE_PRODUCT = YES;
			};
			name = Release;
		};
		2BCC62541F95A26D003DFE7B /* Debug */ = {
			isa = XCBuildConfiguration;
			baseConfigurationReference = 9213509EE2C8D059EC25328D /* Pods-DoNation.debug.xcconfig */;
			buildSettings = {
				ASSETCATALOG_COMPILER_APPICON_NAME = AppIcon;
				CODE_SIGN_ENTITLEMENTS = DoNation/DoNation.entitlements;
				CODE_SIGN_STYLE = Automatic;
				DEBUG_INFORMATION_FORMAT = "dwarf-with-dsym";
				DEVELOPMENT_TEAM = NGV232X4L3;
				FRAMEWORK_SEARCH_PATHS = (
					"$(inherited)",
					"$(PROJECT_DIR)",
				);
				INFOPLIST_FILE = DoNation/Info.plist;
				LD_RUNPATH_SEARCH_PATHS = "$(inherited) @executable_path/Frameworks";
				PRODUCT_BUNDLE_IDENTIFIER = com.lwong.donation.app;
				PRODUCT_NAME = "$(TARGET_NAME)";
				SWIFT_VERSION = 4.0;
				TARGETED_DEVICE_FAMILY = "1,2";
			};
			name = Debug;
		};
		2BCC62551F95A26D003DFE7B /* Release */ = {
			isa = XCBuildConfiguration;
			baseConfigurationReference = 12DC0D7A23A91143F51A4BDD /* Pods-DoNation.release.xcconfig */;
			buildSettings = {
				ASSETCATALOG_COMPILER_APPICON_NAME = AppIcon;
				CODE_SIGN_ENTITLEMENTS = DoNation/DoNation.entitlements;
				CODE_SIGN_STYLE = Automatic;
				DEBUG_INFORMATION_FORMAT = "dwarf-with-dsym";
				DEVELOPMENT_TEAM = NGV232X4L3;
				FRAMEWORK_SEARCH_PATHS = (
					"$(inherited)",
					"$(PROJECT_DIR)",
				);
				INFOPLIST_FILE = DoNation/Info.plist;
				LD_RUNPATH_SEARCH_PATHS = "$(inherited) @executable_path/Frameworks";
				PRODUCT_BUNDLE_IDENTIFIER = com.lwong.donation.app;
				PRODUCT_NAME = "$(TARGET_NAME)";
				SWIFT_VERSION = 4.0;
				TARGETED_DEVICE_FAMILY = "1,2";
			};
			name = Release;
		};
/* End XCBuildConfiguration section */

/* Begin XCConfigurationList section */
		2BCC623C1F95A26C003DFE7B /* Build configuration list for PBXProject "DoNation" */ = {
			isa = XCConfigurationList;
			buildConfigurations = (
				2BCC62511F95A26D003DFE7B /* Debug */,
				2BCC62521F95A26D003DFE7B /* Release */,
			);
			defaultConfigurationIsVisible = 0;
			defaultConfigurationName = Release;
		};
		2BCC62531F95A26D003DFE7B /* Build configuration list for PBXNativeTarget "DoNation" */ = {
			isa = XCConfigurationList;
			buildConfigurations = (
				2BCC62541F95A26D003DFE7B /* Debug */,
				2BCC62551F95A26D003DFE7B /* Release */,
			);
			defaultConfigurationIsVisible = 0;
			defaultConfigurationName = Release;
		};
/* End XCConfigurationList section */
	};
	rootObject = 2BCC62391F95A26C003DFE7B /* Project object */;
}
